// !$*UTF8*$!
{
	archiveVersion = 1;
	classes = {
	};
	objectVersion = 48;
	objects = {

/* Begin PBXBuildFile section */
		44CB1734205C040C00A51DF5 /* Section.swift in Sources */ = {isa = PBXBuildFile; fileRef = 44CB1733205C040C00A51DF5 /* Section.swift */; };
		44CB1737205E309400A51DF5 /* MainStoryBuilder.swift in Sources */ = {isa = PBXBuildFile; fileRef = 44CB1736205E309400A51DF5 /* MainStoryBuilder.swift */; };
		44CB1739205E61B300A51DF5 /* BaseRxMoyaProvider.swift in Sources */ = {isa = PBXBuildFile; fileRef = 44CB1738205E61B300A51DF5 /* BaseRxMoyaProvider.swift */; };
		44CE0002205991A000448B7A /* AppDelegate.swift in Sources */ = {isa = PBXBuildFile; fileRef = 44CE0001205991A000448B7A /* AppDelegate.swift */; };
		44CE0004205991A000448B7A /* TabBarViewController.swift in Sources */ = {isa = PBXBuildFile; fileRef = 44CE0003205991A000448B7A /* TabBarViewController.swift */; };
		44CE0009205991A000448B7A /* Assets.xcassets in Resources */ = {isa = PBXBuildFile; fileRef = 44CE0008205991A000448B7A /* Assets.xcassets */; };
		44CE000C205991A000448B7A /* LaunchScreen.storyboard in Resources */ = {isa = PBXBuildFile; fileRef = 44CE000A205991A000448B7A /* LaunchScreen.storyboard */; };
		44CE001A2059937500448B7A /* TickerViewController.swift in Sources */ = {isa = PBXBuildFile; fileRef = 44CE00192059937500448B7A /* TickerViewController.swift */; };
		44CE001C205993A500448B7A /* EmptyViewController.swift in Sources */ = {isa = PBXBuildFile; fileRef = 44CE001B205993A500448B7A /* EmptyViewController.swift */; };
		44CE0021205994EF00448B7A /* Constants.swift in Sources */ = {isa = PBXBuildFile; fileRef = 44CE0020205994EF00448B7A /* Constants.swift */; };
		44CE00232059962700448B7A /* BaseProvider.swift in Sources */ = {isa = PBXBuildFile; fileRef = 44CE00222059962700448B7A /* BaseProvider.swift */; };
		44CE00252059968B00448B7A /* TickerProvider.swift in Sources */ = {isa = PBXBuildFile; fileRef = 44CE00242059968B00448B7A /* TickerProvider.swift */; };
		44CE002A2059983300448B7A /* BaseInteractor.swift in Sources */ = {isa = PBXBuildFile; fileRef = 44CE00292059983300448B7A /* BaseInteractor.swift */; };
		44CE002C205998D300448B7A /* TickerInteractor.swift in Sources */ = {isa = PBXBuildFile; fileRef = 44CE002B205998D300448B7A /* TickerInteractor.swift */; };
		44CE002E205999AD00448B7A /* Quotation.swift in Sources */ = {isa = PBXBuildFile; fileRef = 44CE002D205999AD00448B7A /* Quotation.swift */; };
		44CE003120599F6400448B7A /* TickerViewModel.swift in Sources */ = {isa = PBXBuildFile; fileRef = 44CE003020599F6400448B7A /* TickerViewModel.swift */; };
		44CE00332059A1A300448B7A /* QuotationList.swift in Sources */ = {isa = PBXBuildFile; fileRef = 44CE00322059A1A300448B7A /* QuotationList.swift */; };
		44CE00392059A3EB00448B7A /* QuotationTableViewCell.swift in Sources */ = {isa = PBXBuildFile; fileRef = 44CE00382059A3EB00448B7A /* QuotationTableViewCell.swift */; };
		44CE003F205A27AC00448B7A /* TableViewController.swift in Sources */ = {isa = PBXBuildFile; fileRef = 44CE003E205A27AC00448B7A /* TableViewController.swift */; };
		44CE0045205A28DA00448B7A /* ViewModelHolder.swift in Sources */ = {isa = PBXBuildFile; fileRef = 44CE0044205A28DA00448B7A /* ViewModelHolder.swift */; };
		44CE0048205A29A100448B7A /* ViewModel.swift in Sources */ = {isa = PBXBuildFile; fileRef = 44CE0047205A29A100448B7A /* ViewModel.swift */; };
		44CE004C205A2B2300448B7A /* CellViewModel.swift in Sources */ = {isa = PBXBuildFile; fileRef = 44CE004B205A2B2300448B7A /* CellViewModel.swift */; };
		44CE0050205A2C0C00448B7A /* TableViewCell.swift in Sources */ = {isa = PBXBuildFile; fileRef = 44CE004F205A2C0C00448B7A /* TableViewCell.swift */; };
		44CE0054205A49FB00448B7A /* Binder.swift in Sources */ = {isa = PBXBuildFile; fileRef = 44CE0053205A49FB00448B7A /* Binder.swift */; };
		44CE0057205A4A7C00448B7A /* QuotationCellViewModel.swift in Sources */ = {isa = PBXBuildFile; fileRef = 44CE0056205A4A7C00448B7A /* QuotationCellViewModel.swift */; };
		44CE0059205A4ACA00448B7A /* TC+NSObject.swift in Sources */ = {isa = PBXBuildFile; fileRef = 44CE0058205A4ACA00448B7A /* TC+NSObject.swift */; };
		44CE005D205A4B9000448B7A /* ViewControllerBinder.swift in Sources */ = {isa = PBXBuildFile; fileRef = 44CE005C205A4B9000448B7A /* ViewControllerBinder.swift */; };
		44CE005F205A4DAF00448B7A /* ViewController.swift in Sources */ = {isa = PBXBuildFile; fileRef = 44CE005E205A4DAF00448B7A /* ViewController.swift */; };
		EF9D6BF3CC64E5A4B1DF7524 /* Pods_Ticker.framework in Frameworks */ = {isa = PBXBuildFile; fileRef = FDE4177B12817F4E58E2A101 /* Pods_Ticker.framework */; };
/* End PBXBuildFile section */

/* Begin PBXFileReference section */
		1C33E4D4531632A6BD2A129B /* Pods-Ticker.debug.xcconfig */ = {isa = PBXFileReference; includeInIndex = 1; lastKnownFileType = text.xcconfig; name = "Pods-Ticker.debug.xcconfig"; path = "Pods/Target Support Files/Pods-Ticker/Pods-Ticker.debug.xcconfig"; sourceTree = "<group>"; };
		44CB1733205C040C00A51DF5 /* Section.swift */ = {isa = PBXFileReference; lastKnownFileType = sourcecode.swift; path = Section.swift; sourceTree = "<group>"; };
		44CB1736205E309400A51DF5 /* MainStoryBuilder.swift */ = {isa = PBXFileReference; lastKnownFileType = sourcecode.swift; path = MainStoryBuilder.swift; sourceTree = "<group>"; };
		44CB1738205E61B300A51DF5 /* BaseRxMoyaProvider.swift */ = {isa = PBXFileReference; lastKnownFileType = sourcecode.swift; path = BaseRxMoyaProvider.swift; sourceTree = "<group>"; };
		44CE0001205991A000448B7A /* AppDelegate.swift */ = {isa = PBXFileReference; lastKnownFileType = sourcecode.swift; path = AppDelegate.swift; sourceTree = "<group>"; };
		44CE0003205991A000448B7A /* TabBarViewController.swift */ = {isa = PBXFileReference; lastKnownFileType = sourcecode.swift; path = TabBarViewController.swift; sourceTree = "<group>"; };
		44CE0008205991A000448B7A /* Assets.xcassets */ = {isa = PBXFileReference; lastKnownFileType = folder.assetcatalog; path = Assets.xcassets; sourceTree = "<group>"; };
		44CE000B205991A000448B7A /* Base */ = {isa = PBXFileReference; lastKnownFileType = file.storyboard; name = Base; path = Base.lproj/LaunchScreen.storyboard; sourceTree = "<group>"; };
		44CE000D205991A000448B7A /* Info.plist */ = {isa = PBXFileReference; lastKnownFileType = text.plist.xml; path = Info.plist; sourceTree = "<group>"; };
		44CE00192059937500448B7A /* TickerViewController.swift */ = {isa = PBXFileReference; lastKnownFileType = sourcecode.swift; path = TickerViewController.swift; sourceTree = "<group>"; };
		44CE001B205993A500448B7A /* EmptyViewController.swift */ = {isa = PBXFileReference; lastKnownFileType = sourcecode.swift; path = EmptyViewController.swift; sourceTree = "<group>"; };
		44CE0020205994EF00448B7A /* Constants.swift */ = {isa = PBXFileReference; lastKnownFileType = sourcecode.swift; path = Constants.swift; sourceTree = "<group>"; };
		44CE00222059962700448B7A /* BaseProvider.swift */ = {isa = PBXFileReference; lastKnownFileType = sourcecode.swift; path = BaseProvider.swift; sourceTree = "<group>"; };
		44CE00242059968B00448B7A /* TickerProvider.swift */ = {isa = PBXFileReference; lastKnownFileType = sourcecode.swift; path = TickerProvider.swift; sourceTree = "<group>"; };
		44CE00292059983300448B7A /* BaseInteractor.swift */ = {isa = PBXFileReference; lastKnownFileType = sourcecode.swift; path = BaseInteractor.swift; sourceTree = "<group>"; };
		44CE002B205998D300448B7A /* TickerInteractor.swift */ = {isa = PBXFileReference; lastKnownFileType = sourcecode.swift; path = TickerInteractor.swift; sourceTree = "<group>"; };
		44CE002D205999AD00448B7A /* Quotation.swift */ = {isa = PBXFileReference; lastKnownFileType = sourcecode.swift; path = Quotation.swift; sourceTree = "<group>"; };
		44CE003020599F6400448B7A /* TickerViewModel.swift */ = {isa = PBXFileReference; lastKnownFileType = sourcecode.swift; path = TickerViewModel.swift; sourceTree = "<group>"; };
		44CE00322059A1A300448B7A /* QuotationList.swift */ = {isa = PBXFileReference; lastKnownFileType = sourcecode.swift; path = QuotationList.swift; sourceTree = "<group>"; };
		44CE00382059A3EB00448B7A /* QuotationTableViewCell.swift */ = {isa = PBXFileReference; lastKnownFileType = sourcecode.swift; path = QuotationTableViewCell.swift; sourceTree = "<group>"; };
		44CE003E205A27AC00448B7A /* TableViewController.swift */ = {isa = PBXFileReference; lastKnownFileType = sourcecode.swift; path = TableViewController.swift; sourceTree = "<group>"; };
		44CE0044205A28DA00448B7A /* ViewModelHolder.swift */ = {isa = PBXFileReference; lastKnownFileType = sourcecode.swift; path = ViewModelHolder.swift; sourceTree = "<group>"; };
		44CE0047205A29A100448B7A /* ViewModel.swift */ = {isa = PBXFileReference; lastKnownFileType = sourcecode.swift; path = ViewModel.swift; sourceTree = "<group>"; };
		44CE004B205A2B2300448B7A /* CellViewModel.swift */ = {isa = PBXFileReference; lastKnownFileType = sourcecode.swift; path = CellViewModel.swift; sourceTree = "<group>"; };
		44CE004F205A2C0C00448B7A /* TableViewCell.swift */ = {isa = PBXFileReference; lastKnownFileType = sourcecode.swift; path = TableViewCell.swift; sourceTree = "<group>"; };
		44CE0053205A49FB00448B7A /* Binder.swift */ = {isa = PBXFileReference; lastKnownFileType = sourcecode.swift; path = Binder.swift; sourceTree = "<group>"; };
		44CE0056205A4A7C00448B7A /* QuotationCellViewModel.swift */ = {isa = PBXFileReference; lastKnownFileType = sourcecode.swift; path = QuotationCellViewModel.swift; sourceTree = "<group>"; };
		44CE0058205A4ACA00448B7A /* TC+NSObject.swift */ = {isa = PBXFileReference; lastKnownFileType = sourcecode.swift; path = "TC+NSObject.swift"; sourceTree = "<group>"; };
		44CE005C205A4B9000448B7A /* ViewControllerBinder.swift */ = {isa = PBXFileReference; lastKnownFileType = sourcecode.swift; path = ViewControllerBinder.swift; sourceTree = "<group>"; };
		44CE005E205A4DAF00448B7A /* ViewController.swift */ = {isa = PBXFileReference; lastKnownFileType = sourcecode.swift; path = ViewController.swift; sourceTree = "<group>"; };
		44CEFFFE205991A000448B7A /* Ticker.app */ = {isa = PBXFileReference; explicitFileType = wrapper.application; includeInIndex = 0; path = Ticker.app; sourceTree = BUILT_PRODUCTS_DIR; };
		A20494E27357907AC9F82387 /* Pods-Ticker.release.xcconfig */ = {isa = PBXFileReference; includeInIndex = 1; lastKnownFileType = text.xcconfig; name = "Pods-Ticker.release.xcconfig"; path = "Pods/Target Support Files/Pods-Ticker/Pods-Ticker.release.xcconfig"; sourceTree = "<group>"; };
		FDE4177B12817F4E58E2A101 /* Pods_Ticker.framework */ = {isa = PBXFileReference; explicitFileType = wrapper.framework; includeInIndex = 0; path = Pods_Ticker.framework; sourceTree = BUILT_PRODUCTS_DIR; };
/* End PBXFileReference section */

/* Begin PBXFrameworksBuildPhase section */
		44CEFFFB205991A000448B7A /* Frameworks */ = {
			isa = PBXFrameworksBuildPhase;
			buildActionMask = 2147483647;
			files = (
				EF9D6BF3CC64E5A4B1DF7524 /* Pods_Ticker.framework in Frameworks */,
			);
			runOnlyForDeploymentPostprocessing = 0;
		};
/* End PBXFrameworksBuildPhase section */

/* Begin PBXGroup section */
		44CB1735205E307B00A51DF5 /* Helper */ = {
			isa = PBXGroup;
			children = (
				44CB1736205E309400A51DF5 /* MainStoryBuilder.swift */,
			);
			path = Helper;
			sourceTree = "<group>";
		};
		44CE0000205991A000448B7A /* Ticker */ = {
			isa = PBXGroup;
			children = (
				44CE001D2059946500448B7A /* Data */,
				44CE0026205997B100448B7A /* Domain */,
				44CE00132059925D00448B7A /* Presentation */,
				44CE00162059929A00448B7A /* Other */,
				44CE0001205991A000448B7A /* AppDelegate.swift */,
			);
			path = Ticker;
			sourceTree = "<group>";
		};
		44CE00132059925D00448B7A /* Presentation */ = {
			isa = PBXGroup;
			children = (
				44CE003C205A273400448B7A /* Common */,
				44CE00152059927700448B7A /* Main Story */,
				44CE000A205991A000448B7A /* LaunchScreen.storyboard */,
			);
			path = Presentation;
			sourceTree = "<group>";
		};
		44CE00142059926900448B7A /* ViewController */ = {
			isa = PBXGroup;
			children = (
				44CE0003205991A000448B7A /* TabBarViewController.swift */,
				44CE00192059937500448B7A /* TickerViewController.swift */,
				44CE001B205993A500448B7A /* EmptyViewController.swift */,
			);
			path = ViewController;
			sourceTree = "<group>";
		};
		44CE00152059927700448B7A /* Main Story */ = {
			isa = PBXGroup;
			children = (
				44CB1735205E307B00A51DF5 /* Helper */,
				44CE00372059A3D100448B7A /* View */,
				44CE002F20599F5600448B7A /* ViewModel */,
				44CE00142059926900448B7A /* ViewController */,
			);
			path = "Main Story";
			sourceTree = "<group>";
		};
		44CE00162059929A00448B7A /* Other */ = {
			isa = PBXGroup;
			children = (
				44CE00342059A24100448B7A /* Extenstion */,
				44CE0017205992A700448B7A /* Resources */,
				44CE0018205992B500448B7A /* Support Files */,
			);
			path = Other;
			sourceTree = "<group>";
		};
		44CE0017205992A700448B7A /* Resources */ = {
			isa = PBXGroup;
			children = (
				44CE0008205991A000448B7A /* Assets.xcassets */,
				44CE0020205994EF00448B7A /* Constants.swift */,
			);
			path = Resources;
			sourceTree = "<group>";
		};
		44CE0018205992B500448B7A /* Support Files */ = {
			isa = PBXGroup;
			children = (
				44CE000D205991A000448B7A /* Info.plist */,
			);
			path = "Support Files";
			sourceTree = "<group>";
		};
		44CE001D2059946500448B7A /* Data */ = {
			isa = PBXGroup;
			children = (
				44CE001E2059946F00448B7A /* Network */,
			);
			path = Data;
			sourceTree = "<group>";
		};
		44CE001E2059946F00448B7A /* Network */ = {
			isa = PBXGroup;
			children = (
				44CE001F2059947E00448B7A /* Providers */,
			);
			path = Network;
			sourceTree = "<group>";
		};
		44CE001F2059947E00448B7A /* Providers */ = {
			isa = PBXGroup;
			children = (
				44CE00222059962700448B7A /* BaseProvider.swift */,
				44CB1738205E61B300A51DF5 /* BaseRxMoyaProvider.swift */,
				44CE00242059968B00448B7A /* TickerProvider.swift */,
			);
			path = Providers;
			sourceTree = "<group>";
		};
		44CE0026205997B100448B7A /* Domain */ = {
			isa = PBXGroup;
			children = (
				44CE0027205997C300448B7A /* Entity */,
				44CE0028205997C900448B7A /* Interactor */,
			);
			path = Domain;
			sourceTree = "<group>";
		};
		44CE0027205997C300448B7A /* Entity */ = {
			isa = PBXGroup;
			children = (
				44CE00322059A1A300448B7A /* QuotationList.swift */,
				44CE002D205999AD00448B7A /* Quotation.swift */,
				44CB1733205C040C00A51DF5 /* Section.swift */,
			);
			path = Entity;
			sourceTree = "<group>";
		};
		44CE0028205997C900448B7A /* Interactor */ = {
			isa = PBXGroup;
			children = (
				44CE00292059983300448B7A /* BaseInteractor.swift */,
				44CE002B205998D300448B7A /* TickerInteractor.swift */,
			);
			path = Interactor;
			sourceTree = "<group>";
		};
		44CE002F20599F5600448B7A /* ViewModel */ = {
			isa = PBXGroup;
			children = (
				44CE0055205A4A6C00448B7A /* CellViewModel */,
				44CE003020599F6400448B7A /* TickerViewModel.swift */,
			);
			path = ViewModel;
			sourceTree = "<group>";
		};
		44CE00342059A24100448B7A /* Extenstion */ = {
			isa = PBXGroup;
			children = (
				44CE0058205A4ACA00448B7A /* TC+NSObject.swift */,
			);
			path = Extenstion;
			sourceTree = "<group>";
		};
		44CE00372059A3D100448B7A /* View */ = {
			isa = PBXGroup;
			children = (
				44CE00382059A3EB00448B7A /* QuotationTableViewCell.swift */,
			);
			path = View;
			sourceTree = "<group>";
		};
		44CE003C205A273400448B7A /* Common */ = {
			isa = PBXGroup;
			children = (
				44CE0040205A284000448B7A /* Helper */,
				44CE0051205A2C2900448B7A /* View */,
				44CE0046205A28EF00448B7A /* ViewModel */,
				44CE003D205A275700448B7A /* ViewContoller */,
			);
			path = Common;
			sourceTree = "<group>";
		};
		44CE003D205A275700448B7A /* ViewContoller */ = {
			isa = PBXGroup;
			children = (
				44CE005E205A4DAF00448B7A /* ViewController.swift */,
				44CE003E205A27AC00448B7A /* TableViewController.swift */,
			);
			path = ViewContoller;
			sourceTree = "<group>";
		};
		44CE0040205A284000448B7A /* Helper */ = {
			isa = PBXGroup;
			children = (
				44CE0052205A49DD00448B7A /* Binder */,
				44CE0043205A28C500448B7A /* ViewModelHolder */,
			);
			path = Helper;
			sourceTree = "<group>";
		};
		44CE0043205A28C500448B7A /* ViewModelHolder */ = {
			isa = PBXGroup;
			children = (
				44CE0044205A28DA00448B7A /* ViewModelHolder.swift */,
			);
			path = ViewModelHolder;
			sourceTree = "<group>";
		};
		44CE0046205A28EF00448B7A /* ViewModel */ = {
			isa = PBXGroup;
			children = (
				44CE0047205A29A100448B7A /* ViewModel.swift */,
				44CE004B205A2B2300448B7A /* CellViewModel.swift */,
			);
			path = ViewModel;
			sourceTree = "<group>";
		};
		44CE0051205A2C2900448B7A /* View */ = {
			isa = PBXGroup;
			children = (
				44CE004F205A2C0C00448B7A /* TableViewCell.swift */,
			);
			path = View;
			sourceTree = "<group>";
		};
		44CE0052205A49DD00448B7A /* Binder */ = {
			isa = PBXGroup;
			children = (
				44CE0053205A49FB00448B7A /* Binder.swift */,
				44CE005C205A4B9000448B7A /* ViewControllerBinder.swift */,
			);
			path = Binder;
			sourceTree = "<group>";
		};
		44CE0055205A4A6C00448B7A /* CellViewModel */ = {
			isa = PBXGroup;
			children = (
				44CE0056205A4A7C00448B7A /* QuotationCellViewModel.swift */,
			);
			path = CellViewModel;
			sourceTree = "<group>";
		};
		44CEFFF5205991A000448B7A = {
			isa = PBXGroup;
			children = (
				44CE0000205991A000448B7A /* Ticker */,
				44CEFFFF205991A000448B7A /* Products */,
				AE7D40ABB61C3E3F82F69B39 /* Pods */,
				CCE5FC31424CB09F2932E090 /* Frameworks */,
			);
			sourceTree = "<group>";
		};
		44CEFFFF205991A000448B7A /* Products */ = {
			isa = PBXGroup;
			children = (
				44CEFFFE205991A000448B7A /* Ticker.app */,
			);
			name = Products;
			sourceTree = "<group>";
		};
		AE7D40ABB61C3E3F82F69B39 /* Pods */ = {
			isa = PBXGroup;
			children = (
				1C33E4D4531632A6BD2A129B /* Pods-Ticker.debug.xcconfig */,
				A20494E27357907AC9F82387 /* Pods-Ticker.release.xcconfig */,
			);
			name = Pods;
			sourceTree = "<group>";
		};
		CCE5FC31424CB09F2932E090 /* Frameworks */ = {
			isa = PBXGroup;
			children = (
				FDE4177B12817F4E58E2A101 /* Pods_Ticker.framework */,
			);
			name = Frameworks;
			sourceTree = "<group>";
		};
/* End PBXGroup section */

/* Begin PBXNativeTarget section */
		44CEFFFD205991A000448B7A /* Ticker */ = {
			isa = PBXNativeTarget;
			buildConfigurationList = 44CE0010205991A000448B7A /* Build configuration list for PBXNativeTarget "Ticker" */;
			buildPhases = (
				E2DDCE5B872C4025864E5ED9 /* [CP] Check Pods Manifest.lock */,
				44CEFFFA205991A000448B7A /* Sources */,
				44CEFFFB205991A000448B7A /* Frameworks */,
				44CEFFFC205991A000448B7A /* Resources */,
				BEFEE8D752BB775B088BE345 /* [CP] Embed Pods Frameworks */,
				80A386E563758FC7A23E126B /* [CP] Copy Pods Resources */,
			);
			buildRules = (
			);
			dependencies = (
			);
			name = Ticker;
			productName = Ticker;
			productReference = 44CEFFFE205991A000448B7A /* Ticker.app */;
			productType = "com.apple.product-type.application";
		};
/* End PBXNativeTarget section */

/* Begin PBXProject section */
		44CEFFF6205991A000448B7A /* Project object */ = {
			isa = PBXProject;
			attributes = {
				LastSwiftUpdateCheck = 0920;
				LastUpgradeCheck = 0920;
				ORGANIZATIONNAME = "Sergey Klimov";
				TargetAttributes = {
					44CEFFFD205991A000448B7A = {
						CreatedOnToolsVersion = 9.2;
						ProvisioningStyle = Automatic;
					};
				};
			};
			buildConfigurationList = 44CEFFF9205991A000448B7A /* Build configuration list for PBXProject "Ticker" */;
			compatibilityVersion = "Xcode 8.0";
			developmentRegion = en;
			hasScannedForEncodings = 0;
			knownRegions = (
				en,
				Base,
			);
			mainGroup = 44CEFFF5205991A000448B7A;
			productRefGroup = 44CEFFFF205991A000448B7A /* Products */;
			projectDirPath = "";
			projectRoot = "";
			targets = (
				44CEFFFD205991A000448B7A /* Ticker */,
			);
		};
/* End PBXProject section */

/* Begin PBXResourcesBuildPhase section */
		44CEFFFC205991A000448B7A /* Resources */ = {
			isa = PBXResourcesBuildPhase;
			buildActionMask = 2147483647;
			files = (
				44CE000C205991A000448B7A /* LaunchScreen.storyboard in Resources */,
				44CE0009205991A000448B7A /* Assets.xcassets in Resources */,
			);
			runOnlyForDeploymentPostprocessing = 0;
		};
/* End PBXResourcesBuildPhase section */

/* Begin PBXShellScriptBuildPhase section */
		80A386E563758FC7A23E126B /* [CP] Copy Pods Resources */ = {
			isa = PBXShellScriptBuildPhase;
			buildActionMask = 2147483647;
			files = (
			);
			inputPaths = (
			);
			name = "[CP] Copy Pods Resources";
			outputPaths = (
			);
			runOnlyForDeploymentPostprocessing = 0;
			shellPath = /bin/sh;
			shellScript = "\"${SRCROOT}/Pods/Target Support Files/Pods-Ticker/Pods-Ticker-resources.sh\"\n";
			showEnvVarsInLog = 0;
		};
		BEFEE8D752BB775B088BE345 /* [CP] Embed Pods Frameworks */ = {
			isa = PBXShellScriptBuildPhase;
			buildActionMask = 2147483647;
			files = (
			);
			inputPaths = (
				"${SRCROOT}/Pods/Target Support Files/Pods-Ticker/Pods-Ticker-frameworks.sh",
				"${BUILT_PRODUCTS_DIR}/Alamofire/Alamofire.framework",
				"${BUILT_PRODUCTS_DIR}/Differentiator/Differentiator.framework",
				"${BUILT_PRODUCTS_DIR}/Moya/Moya.framework",
				"${BUILT_PRODUCTS_DIR}/Moya-ObjectMapper/Moya_ObjectMapper.framework",
				"${BUILT_PRODUCTS_DIR}/ObjectMapper/ObjectMapper.framework",
				"${BUILT_PRODUCTS_DIR}/Result/Result.framework",
				"${BUILT_PRODUCTS_DIR}/RxCocoa/RxCocoa.framework",
				"${BUILT_PRODUCTS_DIR}/RxDataSources/RxDataSources.framework",
				"${BUILT_PRODUCTS_DIR}/RxSwift/RxSwift.framework",
				"${BUILT_PRODUCTS_DIR}/RxViewModel/RxViewModel.framework",
				"${BUILT_PRODUCTS_DIR}/SnapKit/SnapKit.framework",
			);
			name = "[CP] Embed Pods Frameworks";
			outputPaths = (
				"${TARGET_BUILD_DIR}/${FRAMEWORKS_FOLDER_PATH}/Alamofire.framework",
				"${TARGET_BUILD_DIR}/${FRAMEWORKS_FOLDER_PATH}/Differentiator.framework",
				"${TARGET_BUILD_DIR}/${FRAMEWORKS_FOLDER_PATH}/Moya.framework",
				"${TARGET_BUILD_DIR}/${FRAMEWORKS_FOLDER_PATH}/Moya_ObjectMapper.framework",
				"${TARGET_BUILD_DIR}/${FRAMEWORKS_FOLDER_PATH}/ObjectMapper.framework",
				"${TARGET_BUILD_DIR}/${FRAMEWORKS_FOLDER_PATH}/Result.framework",
				"${TARGET_BUILD_DIR}/${FRAMEWORKS_FOLDER_PATH}/RxCocoa.framework",
				"${TARGET_BUILD_DIR}/${FRAMEWORKS_FOLDER_PATH}/RxDataSources.framework",
				"${TARGET_BUILD_DIR}/${FRAMEWORKS_FOLDER_PATH}/RxSwift.framework",
				"${TARGET_BUILD_DIR}/${FRAMEWORKS_FOLDER_PATH}/RxViewModel.framework",
				"${TARGET_BUILD_DIR}/${FRAMEWORKS_FOLDER_PATH}/SnapKit.framework",
			);
			runOnlyForDeploymentPostprocessing = 0;
			shellPath = /bin/sh;
			shellScript = "\"${SRCROOT}/Pods/Target Support Files/Pods-Ticker/Pods-Ticker-frameworks.sh\"\n";
			showEnvVarsInLog = 0;
		};
		E2DDCE5B872C4025864E5ED9 /* [CP] Check Pods Manifest.lock */ = {
			isa = PBXShellScriptBuildPhase;
			buildActionMask = 2147483647;
			files = (
			);
			inputPaths = (
				"${PODS_PODFILE_DIR_PATH}/Podfile.lock",
				"${PODS_ROOT}/Manifest.lock",
			);
			name = "[CP] Check Pods Manifest.lock";
			outputPaths = (
				"$(DERIVED_FILE_DIR)/Pods-Ticker-checkManifestLockResult.txt",
			);
			runOnlyForDeploymentPostprocessing = 0;
			shellPath = /bin/sh;
			shellScript = "diff \"${PODS_PODFILE_DIR_PATH}/Podfile.lock\" \"${PODS_ROOT}/Manifest.lock\" > /dev/null\nif [ $? != 0 ] ; then\n    # print error to STDERR\n    echo \"error: The sandbox is not in sync with the Podfile.lock. Run 'pod install' or update your CocoaPods installation.\" >&2\n    exit 1\nfi\n# This output is used by Xcode 'outputs' to avoid re-running this script phase.\necho \"SUCCESS\" > \"${SCRIPT_OUTPUT_FILE_0}\"\n";
			showEnvVarsInLog = 0;
		};
/* End PBXShellScriptBuildPhase section */

/* Begin PBXSourcesBuildPhase section */
		44CEFFFA205991A000448B7A /* Sources */ = {
			isa = PBXSourcesBuildPhase;
			buildActionMask = 2147483647;
			files = (
				44CE0021205994EF00448B7A /* Constants.swift in Sources */,
				44CE00252059968B00448B7A /* TickerProvider.swift in Sources */,
				44CE00332059A1A300448B7A /* QuotationList.swift in Sources */,
				44CE0004205991A000448B7A /* TabBarViewController.swift in Sources */,
				44CE0002205991A000448B7A /* AppDelegate.swift in Sources */,
				44CE002E205999AD00448B7A /* Quotation.swift in Sources */,
				44CE001C205993A500448B7A /* EmptyViewController.swift in Sources */,
				44CB1734205C040C00A51DF5 /* Section.swift in Sources */,
				44CE00392059A3EB00448B7A /* QuotationTableViewCell.swift in Sources */,
				44CE0059205A4ACA00448B7A /* TC+NSObject.swift in Sources */,
				44CE0045205A28DA00448B7A /* ViewModelHolder.swift in Sources */,
				44CB1739205E61B300A51DF5 /* BaseRxMoyaProvider.swift in Sources */,
				44CE004C205A2B2300448B7A /* CellViewModel.swift in Sources */,
				44CE0048205A29A100448B7A /* ViewModel.swift in Sources */,
				44CE002A2059983300448B7A /* BaseInteractor.swift in Sources */,
				44CE005D205A4B9000448B7A /* ViewControllerBinder.swift in Sources */,
				44CE001A2059937500448B7A /* TickerViewController.swift in Sources */,
				44CE005F205A4DAF00448B7A /* ViewController.swift in Sources */,
				44CE0057205A4A7C00448B7A /* QuotationCellViewModel.swift in Sources */,
				44CB1737205E309400A51DF5 /* MainStoryBuilder.swift in Sources */,
				44CE00232059962700448B7A /* BaseProvider.swift in Sources */,
				44CE002C205998D300448B7A /* TickerInteractor.swift in Sources */,
				44CE0054205A49FB00448B7A /* Binder.swift in Sources */,
				44CE0050205A2C0C00448B7A /* TableViewCell.swift in Sources */,
				44CE003F205A27AC00448B7A /* TableViewController.swift in Sources */,
				44CE003120599F6400448B7A /* TickerViewModel.swift in Sources */,
			);
			runOnlyForDeploymentPostprocessing = 0;
		};
/* End PBXSourcesBuildPhase section */

/* Begin PBXVariantGroup section */
		44CE000A205991A000448B7A /* LaunchScreen.storyboard */ = {
			isa = PBXVariantGroup;
			children = (
				44CE000B205991A000448B7A /* Base */,
			);
			name = LaunchScreen.storyboard;
			sourceTree = "<group>";
		};
/* End PBXVariantGroup section */

/* Begin XCBuildConfiguration section */
		44CE000E205991A000448B7A /* Debug */ = {
			isa = XCBuildConfiguration;
			buildSettings = {
				ALWAYS_SEARCH_USER_PATHS = NO;
				CLANG_ANALYZER_NONNULL = YES;
				CLANG_ANALYZER_NUMBER_OBJECT_CONVERSION = YES_AGGRESSIVE;
				CLANG_CXX_LANGUAGE_STANDARD = "gnu++14";
				CLANG_CXX_LIBRARY = "libc++";
				CLANG_ENABLE_MODULES = YES;
				CLANG_ENABLE_OBJC_ARC = YES;
				CLANG_WARN_BLOCK_CAPTURE_AUTORELEASING = YES;
				CLANG_WARN_BOOL_CONVERSION = YES;
				CLANG_WARN_COMMA = YES;
				CLANG_WARN_CONSTANT_CONVERSION = YES;
				CLANG_WARN_DIRECT_OBJC_ISA_USAGE = YES_ERROR;
				CLANG_WARN_DOCUMENTATION_COMMENTS = YES;
				CLANG_WARN_EMPTY_BODY = YES;
				CLANG_WARN_ENUM_CONVERSION = YES;
				CLANG_WARN_INFINITE_RECURSION = YES;
				CLANG_WARN_INT_CONVERSION = YES;
				CLANG_WARN_NON_LITERAL_NULL_CONVERSION = YES;
				CLANG_WARN_OBJC_LITERAL_CONVERSION = YES;
				CLANG_WARN_OBJC_ROOT_CLASS = YES_ERROR;
				CLANG_WARN_RANGE_LOOP_ANALYSIS = YES;
				CLANG_WARN_STRICT_PROTOTYPES = YES;
				CLANG_WARN_SUSPICIOUS_MOVE = YES;
				CLANG_WARN_UNGUARDED_AVAILABILITY = YES_AGGRESSIVE;
				CLANG_WARN_UNREACHABLE_CODE = YES;
				CLANG_WARN__DUPLICATE_METHOD_MATCH = YES;
				CODE_SIGN_IDENTITY = "iPhone Developer";
				COPY_PHASE_STRIP = NO;
				DEBUG_INFORMATION_FORMAT = dwarf;
				ENABLE_STRICT_OBJC_MSGSEND = YES;
				ENABLE_TESTABILITY = YES;
				GCC_C_LANGUAGE_STANDARD = gnu11;
				GCC_DYNAMIC_NO_PIC = NO;
				GCC_NO_COMMON_BLOCKS = YES;
				GCC_OPTIMIZATION_LEVEL = 0;
				GCC_PREPROCESSOR_DEFINITIONS = (
					"DEBUG=1",
					"$(inherited)",
				);
				GCC_WARN_64_TO_32_BIT_CONVERSION = YES;
				GCC_WARN_ABOUT_RETURN_TYPE = YES_ERROR;
				GCC_WARN_UNDECLARED_SELECTOR = YES;
				GCC_WARN_UNINITIALIZED_AUTOS = YES_AGGRESSIVE;
				GCC_WARN_UNUSED_FUNCTION = YES;
				GCC_WARN_UNUSED_VARIABLE = YES;
				IPHONEOS_DEPLOYMENT_TARGET = 11.2;
				MTL_ENABLE_DEBUG_INFO = YES;
				ONLY_ACTIVE_ARCH = YES;
				SDKROOT = iphoneos;
				SWIFT_ACTIVE_COMPILATION_CONDITIONS = DEBUG;
				SWIFT_OPTIMIZATION_LEVEL = "-Onone";
			};
			name = Debug;
		};
		44CE000F205991A000448B7A /* Release */ = {
			isa = XCBuildConfiguration;
			buildSettings = {
				ALWAYS_SEARCH_USER_PATHS = NO;
				CLANG_ANALYZER_NONNULL = YES;
				CLANG_ANALYZER_NUMBER_OBJECT_CONVERSION = YES_AGGRESSIVE;
				CLANG_CXX_LANGUAGE_STANDARD = "gnu++14";
				CLANG_CXX_LIBRARY = "libc++";
				CLANG_ENABLE_MODULES = YES;
				CLANG_ENABLE_OBJC_ARC = YES;
				CLANG_WARN_BLOCK_CAPTURE_AUTORELEASING = YES;
				CLANG_WARN_BOOL_CONVERSION = YES;
				CLANG_WARN_COMMA = YES;
				CLANG_WARN_CONSTANT_CONVERSION = YES;
				CLANG_WARN_DIRECT_OBJC_ISA_USAGE = YES_ERROR;
				CLANG_WARN_DOCUMENTATION_COMMENTS = YES;
				CLANG_WARN_EMPTY_BODY = YES;
				CLANG_WARN_ENUM_CONVERSION = YES;
				CLANG_WARN_INFINITE_RECURSION = YES;
				CLANG_WARN_INT_CONVERSION = YES;
				CLANG_WARN_NON_LITERAL_NULL_CONVERSION = YES;
				CLANG_WARN_OBJC_LITERAL_CONVERSION = YES;
				CLANG_WARN_OBJC_ROOT_CLASS = YES_ERROR;
				CLANG_WARN_RANGE_LOOP_ANALYSIS = YES;
				CLANG_WARN_STRICT_PROTOTYPES = YES;
				CLANG_WARN_SUSPICIOUS_MOVE = YES;
				CLANG_WARN_UNGUARDED_AVAILABILITY = YES_AGGRESSIVE;
				CLANG_WARN_UNREACHABLE_CODE = YES;
				CLANG_WARN__DUPLICATE_METHOD_MATCH = YES;
				CODE_SIGN_IDENTITY = "iPhone Developer";
				COPY_PHASE_STRIP = NO;
				DEBUG_INFORMATION_FORMAT = "dwarf-with-dsym";
				ENABLE_NS_ASSERTIONS = NO;
				ENABLE_STRICT_OBJC_MSGSEND = YES;
				GCC_C_LANGUAGE_STANDARD = gnu11;
				GCC_NO_COMMON_BLOCKS = YES;
				GCC_WARN_64_TO_32_BIT_CONVERSION = YES;
				GCC_WARN_ABOUT_RETURN_TYPE = YES_ERROR;
				GCC_WARN_UNDECLARED_SELECTOR = YES;
				GCC_WARN_UNINITIALIZED_AUTOS = YES_AGGRESSIVE;
				GCC_WARN_UNUSED_FUNCTION = YES;
				GCC_WARN_UNUSED_VARIABLE = YES;
				IPHONEOS_DEPLOYMENT_TARGET = 11.2;
				MTL_ENABLE_DEBUG_INFO = NO;
				SDKROOT = iphoneos;
				SWIFT_OPTIMIZATION_LEVEL = "-Owholemodule";
				VALIDATE_PRODUCT = YES;
			};
			name = Release;
		};
		44CE0011205991A000448B7A /* Debug */ = {
			isa = XCBuildConfiguration;
			baseConfigurationReference = 1C33E4D4531632A6BD2A129B /* Pods-Ticker.debug.xcconfig */;
			buildSettings = {
				ASSETCATALOG_COMPILER_APPICON_NAME = AppIcon;
				CODE_SIGN_STYLE = Automatic;
				DEVELOPMENT_TEAM = UHYNL9H4B9;
				INFOPLIST_FILE = "$(SRCROOT)/Ticker/Other/Support Files/Info.plist";
				IPHONEOS_DEPLOYMENT_TARGET = 9.3;
				LD_RUNPATH_SEARCH_PATHS = "$(inherited) @executable_path/Frameworks";
				PRODUCT_BUNDLE_IDENTIFIER = ru.sklimov.Ticker;
				PRODUCT_NAME = "$(TARGET_NAME)";
				SWIFT_VERSION = 4.0;
				TARGETED_DEVICE_FAMILY = "1,2";
			};
			name = Debug;
		};
		44CE0012205991A000448B7A /* Release */ = {
			isa = XCBuildConfiguration;
			baseConfigurationReference = A20494E27357907AC9F82387 /* Pods-Ticker.release.xcconfig */;
			buildSettings = {
				ASSETCATALOG_COMPILER_APPICON_NAME = AppIcon;
				CODE_SIGN_STYLE = Automatic;
				DEVELOPMENT_TEAM = UHYNL9H4B9;
				INFOPLIST_FILE = "$(SRCROOT)/Ticker/Other/Support Files/Info.plist";
				IPHONEOS_DEPLOYMENT_TARGET = 9.3;
				LD_RUNPATH_SEARCH_PATHS = "$(inherited) @executable_path/Frameworks";
				PRODUCT_BUNDLE_IDENTIFIER = ru.sklimov.Ticker;
				PRODUCT_NAME = "$(TARGET_NAME)";
				SWIFT_VERSION = 4.0;
				TARGETED_DEVICE_FAMILY = "1,2";
			};
			name = Release;
		};
/* End XCBuildConfiguration section */

/* Begin XCConfigurationList section */
		44CE0010205991A000448B7A /* Build configuration list for PBXNativeTarget "Ticker" */ = {
			isa = XCConfigurationList;
			buildConfigurations = (
				44CE0011205991A000448B7A /* Debug */,
				44CE0012205991A000448B7A /* Release */,
			);
			defaultConfigurationIsVisible = 0;
			defaultConfigurationName = Release;
		};
		44CEFFF9205991A000448B7A /* Build configuration list for PBXProject "Ticker" */ = {
			isa = XCConfigurationList;
			buildConfigurations = (
				44CE000E205991A000448B7A /* Debug */,
				44CE000F205991A000448B7A /* Release */,
			);
			defaultConfigurationIsVisible = 0;
			defaultConfigurationName = Release;
		};
/* End XCConfigurationList section */
	};
	rootObject = 44CEFFF6205991A000448B7A /* Project object */;
}
